
Microsoft Visual Studio Solution File, Format Version 12.00
# Visual Studio Version 17
VisualStudioVersion = 17.0.31903.59
MinimumVisualStudioVersion = 10.0.40219.1
Project("{FAE04EC0-301F-11D3-BF4B-00C04F79EFBC}") = "oracleDB", "oracleDB\oracleDB.csproj", "{1788AA7A-D4DB-4C0C-8E91-4197555B51A6}"
EndProject
Project("{FAE04EC0-301F-11D3-BF4B-00C04F79EFBC}") = "oracleDB_unittests_netf", "oracleDB_unittests_netf\oracleDB_unittests_netf.csproj", "{7A023FE5-E895-44B7-91E9-4AC850638943}"
EndProject
Project("{FAE04EC0-301F-11D3-BF4B-00C04F79EFBC}") = "oracleDB_integrationtests_netf", "oracleDB_integrationtests_netf\oracleDB_integrationtests_netf.csproj", "{14C9B1B2-47B8-48BC-9BCA-36A6359D234E}"
	ProjectSection(ProjectDependencies) = postProject
		{1788AA7A-D4DB-4C0C-8E91-4197555B51A6} = {1788AA7A-D4DB-4C0C-8E91-4197555B51A6}
	EndProjectSection
EndProject
Project("{FAE04EC0-301F-11D3-BF4B-00C04F79EFBC}") = "E2ETests", "E2ETests\E2ETests.csproj", "{D68A6F28-E75F-40F2-8713-1FAF532BBB56}"
EndProject
Global
	GlobalSection(SolutionConfigurationPlatforms) = preSolution
		Debug|Any CPU = Debug|Any CPU
		Release|Any CPU = Release|Any CPU
	EndGlobalSection
	GlobalSection(ProjectConfigurationPlatforms) = postSolution
		{1788AA7A-D4DB-4C0C-8E91-4197555B51A6}.Debug|Any CPU.ActiveCfg = Debug|Any CPU
		{1788AA7A-D4DB-4C0C-8E91-4197555B51A6}.Debug|Any CPU.Build.0 = Debug|Any CPU
		{1788AA7A-D4DB-4C0C-8E91-4197555B51A6}.Release|Any CPU.ActiveCfg = Release|Any CPU
		{1788AA7A-D4DB-4C0C-8E91-4197555B51A6}.Release|Any CPU.Build.0 = Release|Any CPU
		{7A023FE5-E895-44B7-91E9-4AC850638943}.Debug|Any CPU.ActiveCfg = Debug|Any CPU
		{7A023FE5-E895-44B7-91E9-4AC850638943}.Debug|Any CPU.Build.0 = Debug|Any CPU
		{7A023FE5-E895-44B7-91E9-4AC850638943}.Release|Any CPU.ActiveCfg = Release|Any CPU
		{7A023FE5-E895-44B7-91E9-4AC850638943}.Release|Any CPU.Build.0 = Release|Any CPU
		{14C9B1B2-47B8-48BC-9BCA-36A6359D234E}.Debug|Any CPU.ActiveCfg = Debug|Any CPU
		{14C9B1B2-47B8-48BC-9BCA-36A6359D234E}.Debug|Any CPU.Build.0 = Debug|Any CPU
		{14C9B1B2-47B8-48BC-9BCA-36A6359D234E}.Release|Any CPU.ActiveCfg = Release|Any CPU
		{14C9B1B2-47B8-48BC-9BCA-36A6359D234E}.Release|Any CPU.Build.0 = Release|Any CPU
		{D68A6F28-E75F-40F2-8713-1FAF532BBB56}.Debug|Any CPU.ActiveCfg = Debug|Any CPU
		{D68A6F28-E75F-40F2-8713-1FAF532BBB56}.Debug|Any CPU.Build.0 = Debug|Any CPU
		{D68A6F28-E75F-40F2-8713-1FAF532BBB56}.Release|Any CPU.ActiveCfg = Release|Any CPU
		{D68A6F28-E75F-40F2-8713-1FAF532BBB56}.Release|Any CPU.Build.0 = Release|Any CPU
	EndGlobalSection
	GlobalSection(SolutionProperties) = preSolution
		HideSolutionNode = FALSE
	EndGlobalSection
	GlobalSection(ExtensibilityGlobals) = postSolution
		SolutionGuid = {C19A0198-1FFB-4D23-8574-94ED8DF54587}
	EndGlobalSection
EndGlobal
